
Microsoft Visual Studio Solution File, Format Version 12.00
# Visual Studio Version 16
VisualStudioVersion = 16.0.29905.134
MinimumVisualStudioVersion = 10.0.40219.1
Project("{FAE04EC0-301F-11D3-BF4B-00C04F79EFBC}") = "Management", "Management\Management.csproj", "{5D99877F-DA8C-4DCB-8BC6-E6EE8939487A}"
EndProject
Global
	GlobalSection(SolutionConfigurationPlatforms) = preSolution
		Debug|Any CPU = Debug|Any CPU
		Release|Any CPU = Release|Any CPU
	EndGlobalSection
	GlobalSection(ProjectConfigurationPlatforms) = postSolution
		{5D99877F-DA8C-4DCB-8BC6-E6EE8939487A}.Debug|Any CPU.ActiveCfg = Debug|Any CPU
		{5D99877F-DA8C-4DCB-8BC6-E6EE8939487A}.Debug|Any CPU.Build.0 = Debug|Any CPU
		{5D99877F-DA8C-4DCB-8BC6-E6EE8939487A}.Release|Any CPU.ActiveCfg = Release|Any CPU
		{5D99877F-DA8C-4DCB-8BC6-E6EE8939487A}.Release|Any CPU.Build.0 = Release|Any CPU
	EndGlobalSection
	GlobalSection(SolutionProperties) = preSolution
		HideSolutionNode = FALSE
	EndGlobalSection
	GlobalSection(ExtensibilityGlobals) = postSolution
		SolutionGuid = {86C7F990-128E-42EE-A1D2-271CC6A88777}
	EndGlobalSection
EndGlobal
